
Microsoft Visual Studio Solution File, Format Version 12.00
# Visual Studio Version 17
VisualStudioVersion = 17.3.32901.215
MinimumVisualStudioVersion = 10.0.40219.1
Project("{FAE04EC0-301F-11D3-BF4B-00C04F79EFBC}") = "adding BIG numbers", "adding BIG numbers\adding BIG numbers.csproj", "{277A6290-D070-47B4-B5A3-380DD0128A05}"
EndProject
Global
	GlobalSection(SolutionConfigurationPlatforms) = preSolution
		Debug|Any CPU = Debug|Any CPU
		Release|Any CPU = Release|Any CPU
	EndGlobalSection
	GlobalSection(ProjectConfigurationPlatforms) = postSolution
		{277A6290-D070-47B4-B5A3-380DD0128A05}.Debug|Any CPU.ActiveCfg = Debug|Any CPU
		{277A6290-D070-47B4-B5A3-380DD0128A05}.Debug|Any CPU.Build.0 = Debug|Any CPU
		{277A6290-D070-47B4-B5A3-380DD0128A05}.Release|Any CPU.ActiveCfg = Release|Any CPU
		{277A6290-D070-47B4-B5A3-380DD0128A05}.Release|Any CPU.Build.0 = Release|Any CPU
	EndGlobalSection
	GlobalSection(SolutionProperties) = preSolution
		HideSolutionNode = FALSE
	EndGlobalSection
	GlobalSection(ExtensibilityGlobals) = postSolution
		SolutionGuid = {82646608-B628-4804-8B39-30545AFF1F05}
	EndGlobalSection
EndGlobal
